
Microsoft Visual Studio Solution File, Format Version 12.00
# Visual Studio 15
VisualStudioVersion = 15.0.28307.271
MinimumVisualStudioVersion = 10.0.40219.1
Project("{FAE04EC0-301F-11D3-BF4B-00C04F79EFBC}") = "Core", "Core\Core.csproj", "{6A8DF817-FC81-4420-BE5C-8431859DFDC5}"
EndProject
Project("{FAE04EC0-301F-11D3-BF4B-00C04F79EFBC}") = "DAL", "DAL\DAL.csproj", "{4ABDEA94-2480-4326-BF9A-8283AA9F6750}"
EndProject
Project("{FAE04EC0-301F-11D3-BF4B-00C04F79EFBC}") = "DAL.EntityFramework.SQL", "DAL.EntityFramework.SQL\DAL.EntityFramework.SQL.csproj", "{B028A7EE-E0F8-4148-B895-474A45D05627}"
EndProject
Project("{FAE04EC0-301F-11D3-BF4B-00C04F79EFBC}") = "NewsGrab.Services", "NewsGrab.Services\NewsGrab.Services.csproj", "{A3BC0ACD-C63E-4DBC-85CA-2ECCD5EC57A2}"
EndProject
Global
	GlobalSection(SolutionConfigurationPlatforms) = preSolution
		Debug|Any CPU = Debug|Any CPU
		Release|Any CPU = Release|Any CPU
	EndGlobalSection
	GlobalSection(ProjectConfigurationPlatforms) = postSolution
		{6A8DF817-FC81-4420-BE5C-8431859DFDC5}.Debug|Any CPU.ActiveCfg = Debug|Any CPU
		{6A8DF817-FC81-4420-BE5C-8431859DFDC5}.Debug|Any CPU.Build.0 = Debug|Any CPU
		{6A8DF817-FC81-4420-BE5C-8431859DFDC5}.Release|Any CPU.ActiveCfg = Release|Any CPU
		{6A8DF817-FC81-4420-BE5C-8431859DFDC5}.Release|Any CPU.Build.0 = Release|Any CPU
		{4ABDEA94-2480-4326-BF9A-8283AA9F6750}.Debug|Any CPU.ActiveCfg = Debug|Any CPU
		{4ABDEA94-2480-4326-BF9A-8283AA9F6750}.Debug|Any CPU.Build.0 = Debug|Any CPU
		{4ABDEA94-2480-4326-BF9A-8283AA9F6750}.Release|Any CPU.ActiveCfg = Release|Any CPU
		{4ABDEA94-2480-4326-BF9A-8283AA9F6750}.Release|Any CPU.Build.0 = Release|Any CPU
		{B028A7EE-E0F8-4148-B895-474A45D05627}.Debug|Any CPU.ActiveCfg = Debug|Any CPU
		{B028A7EE-E0F8-4148-B895-474A45D05627}.Debug|Any CPU.Build.0 = Debug|Any CPU
		{B028A7EE-E0F8-4148-B895-474A45D05627}.Release|Any CPU.ActiveCfg = Release|Any CPU
		{B028A7EE-E0F8-4148-B895-474A45D05627}.Release|Any CPU.Build.0 = Release|Any CPU
		{A3BC0ACD-C63E-4DBC-85CA-2ECCD5EC57A2}.Debug|Any CPU.ActiveCfg = Debug|Any CPU
		{A3BC0ACD-C63E-4DBC-85CA-2ECCD5EC57A2}.Debug|Any CPU.Build.0 = Debug|Any CPU
		{A3BC0ACD-C63E-4DBC-85CA-2ECCD5EC57A2}.Release|Any CPU.ActiveCfg = Release|Any CPU
		{A3BC0ACD-C63E-4DBC-85CA-2ECCD5EC57A2}.Release|Any CPU.Build.0 = Release|Any CPU
	EndGlobalSection
	GlobalSection(SolutionProperties) = preSolution
		HideSolutionNode = FALSE
	EndGlobalSection
	GlobalSection(ExtensibilityGlobals) = postSolution
		SolutionGuid = {51E95122-D063-4D18-AAFC-471F5EC188F8}
	EndGlobalSection
EndGlobal
